
Microsoft Visual Studio Solution File, Format Version 12.00
# Visual Studio Version 17
VisualStudioVersion = 17.3.32825.248
MinimumVisualStudioVersion = 10.0.40219.1
Project("{9A19103F-16F7-4668-BE54-9A1E7A4F7556}") = "Brewery.API", "Brewery.API\Brewery.API.csproj", "{EE034510-5F2B-4DF5-808C-AA988A43D280}"
EndProject
Project("{FAE04EC0-301F-11D3-BF4B-00C04F79EFBC}") = "Brewery.Repositories", "Brewery.Repository\Brewery.Repositories.csproj", "{277E1305-8A93-4233-A057-51DA27589566}"
EndProject
Project("{FAE04EC0-301F-11D3-BF4B-00C04F79EFBC}") = "Brewery.Models", "Brewery.Models\Brewery.Models.csproj", "{C7F116E3-777D-4204-8444-29E56577C378}"
EndProject
Project("{FAE04EC0-301F-11D3-BF4B-00C04F79EFBC}") = "Brewery.Services", "Brewery.Services\Brewery.Services.csproj", "{15678DF8-1E17-430C-9617-D8A979B1334C}"
EndProject
Project("{FAE04EC0-301F-11D3-BF4B-00C04F79EFBC}") = "Brewery.Exceptions", "Brewery.Exceptions\Brewery.Exceptions.csproj", "{DE38B225-8EF8-4C64-8F3F-13EA61571FF0}"
EndProject
Project("{FAE04EC0-301F-11D3-BF4B-00C04F79EFBC}") = "Brewery.Services.Tests", "Brewery.Services.Tests\Brewery.Services.Tests.csproj", "{6D03700A-53C6-47EE-B904-21BBA6A1FF5B}"
EndProject
Project("{FAE04EC0-301F-11D3-BF4B-00C04F79EFBC}") = "Brewery.API.Tests", "Brewery.API.Tests\Brewery.API.Tests.csproj", "{7A229447-6EF1-4CB6-9F49-F07218F6AE5E}"
EndProject
Global
	GlobalSection(SolutionConfigurationPlatforms) = preSolution
		Debug|Any CPU = Debug|Any CPU
		Release|Any CPU = Release|Any CPU
	EndGlobalSection
	GlobalSection(ProjectConfigurationPlatforms) = postSolution
		{EE034510-5F2B-4DF5-808C-AA988A43D280}.Debug|Any CPU.ActiveCfg = Debug|Any CPU
		{EE034510-5F2B-4DF5-808C-AA988A43D280}.Debug|Any CPU.Build.0 = Debug|Any CPU
		{EE034510-5F2B-4DF5-808C-AA988A43D280}.Release|Any CPU.ActiveCfg = Release|Any CPU
		{EE034510-5F2B-4DF5-808C-AA988A43D280}.Release|Any CPU.Build.0 = Release|Any CPU
		{277E1305-8A93-4233-A057-51DA27589566}.Debug|Any CPU.ActiveCfg = Debug|Any CPU
		{277E1305-8A93-4233-A057-51DA27589566}.Debug|Any CPU.Build.0 = Debug|Any CPU
		{277E1305-8A93-4233-A057-51DA27589566}.Release|Any CPU.ActiveCfg = Release|Any CPU
		{277E1305-8A93-4233-A057-51DA27589566}.Release|Any CPU.Build.0 = Release|Any CPU
		{C7F116E3-777D-4204-8444-29E56577C378}.Debug|Any CPU.ActiveCfg = Debug|Any CPU
		{C7F116E3-777D-4204-8444-29E56577C378}.Debug|Any CPU.Build.0 = Debug|Any CPU
		{C7F116E3-777D-4204-8444-29E56577C378}.Release|Any CPU.ActiveCfg = Release|Any CPU
		{C7F116E3-777D-4204-8444-29E56577C378}.Release|Any CPU.Build.0 = Release|Any CPU
		{15678DF8-1E17-430C-9617-D8A979B1334C}.Debug|Any CPU.ActiveCfg = Debug|Any CPU
		{15678DF8-1E17-430C-9617-D8A979B1334C}.Debug|Any CPU.Build.0 = Debug|Any CPU
		{15678DF8-1E17-430C-9617-D8A979B1334C}.Release|Any CPU.ActiveCfg = Release|Any CPU
		{15678DF8-1E17-430C-9617-D8A979B1334C}.Release|Any CPU.Build.0 = Release|Any CPU
		{DE38B225-8EF8-4C64-8F3F-13EA61571FF0}.Debug|Any CPU.ActiveCfg = Debug|Any CPU
		{DE38B225-8EF8-4C64-8F3F-13EA61571FF0}.Debug|Any CPU.Build.0 = Debug|Any CPU
		{DE38B225-8EF8-4C64-8F3F-13EA61571FF0}.Release|Any CPU.ActiveCfg = Release|Any CPU
		{DE38B225-8EF8-4C64-8F3F-13EA61571FF0}.Release|Any CPU.Build.0 = Release|Any CPU
		{6D03700A-53C6-47EE-B904-21BBA6A1FF5B}.Debug|Any CPU.ActiveCfg = Debug|Any CPU
		{6D03700A-53C6-47EE-B904-21BBA6A1FF5B}.Debug|Any CPU.Build.0 = Debug|Any CPU
		{6D03700A-53C6-47EE-B904-21BBA6A1FF5B}.Release|Any CPU.ActiveCfg = Release|Any CPU
		{6D03700A-53C6-47EE-B904-21BBA6A1FF5B}.Release|Any CPU.Build.0 = Release|Any CPU
		{7A229447-6EF1-4CB6-9F49-F07218F6AE5E}.Debug|Any CPU.ActiveCfg = Debug|Any CPU
		{7A229447-6EF1-4CB6-9F49-F07218F6AE5E}.Debug|Any CPU.Build.0 = Debug|Any CPU
		{7A229447-6EF1-4CB6-9F49-F07218F6AE5E}.Release|Any CPU.ActiveCfg = Release|Any CPU
		{7A229447-6EF1-4CB6-9F49-F07218F6AE5E}.Release|Any CPU.Build.0 = Release|Any CPU
	EndGlobalSection
	GlobalSection(SolutionProperties) = preSolution
		HideSolutionNode = FALSE
	EndGlobalSection
	GlobalSection(ExtensibilityGlobals) = postSolution
		SolutionGuid = {7BC1A537-199A-4AC1-9FD5-4242C807A8EA}
	EndGlobalSection
EndGlobal
